{
  "requires": true,
  "lockfileVersion": 1,
  "dependencies": {
    "font-awesome": {
      "version": "4.7.0",
      "resolved": "https://registry.npmjs.org/font-awesome/-/font-awesome-4.7.0.tgz",
      "integrity": "sha1-j6jPBBGhoxr9B7BtKQK7n8gVoTM="
    },
    "uikit": {
      "version": "3.5.5",
      "resolved": "https://registry.npmjs.org/uikit/-/uikit-3.5.5.tgz",
      "integrity": "sha512-10Wm7wzL7Ukuc9fHMukL/uEEulUj8qg4zVqR4eYTC+86ytJTP9x6/2T5QhV8oUc5S1lS6Ft1oURGZRINY7q7gg=="
    }
  }
}
